
Microsoft Visual Studio Solution File, Format Version 12.00
# Visual Studio 2015
Project("{FAE04EC0-301F-11D3-BF4B-00C04F79EFBC}") = "ForwardIntoDarkNoir", "ForwardIntoDarkNoir.csproj", "{FC278F02-ADD0-DBEF-18E1-6BBD3AB3E598}"
EndProject
Global
	GlobalSection(SolutionConfigurationPlatforms) = preSolution
		Debug|Any CPU = Debug|Any CPU
		Release|Any CPU = Release|Any CPU
	EndGlobalSection
	GlobalSection(ProjectConfigurationPlatforms) = postSolution
		{FC278F02-ADD0-DBEF-18E1-6BBD3AB3E598}.Debug|Any CPU.ActiveCfg = Debug|Any CPU
		{FC278F02-ADD0-DBEF-18E1-6BBD3AB3E598}.Debug|Any CPU.Build.0 = Debug|Any CPU
		{FC278F02-ADD0-DBEF-18E1-6BBD3AB3E598}.Release|Any CPU.ActiveCfg = Release|Any CPU
		{FC278F02-ADD0-DBEF-18E1-6BBD3AB3E598}.Release|Any CPU.Build.0 = Release|Any CPU
	EndGlobalSection
	GlobalSection(SolutionProperties) = preSolution
		HideSolutionNode = FALSE
	EndGlobalSection
EndGlobal
